
Microsoft Visual Studio Solution File, Format Version 12.00
# Visual Studio Version 17
VisualStudioVersion = 17.14.36127.28
MinimumVisualStudioVersion = 10.0.40219.1
Project("{FAE04EC0-301F-11D3-BF4B-00C04F79EFBC}") = "FileCloud.Desktop.View", "FileCloud.Desctop\FileCloud.Desktop.View.csproj", "{18FAFCD9-B493-4368-B435-819BDD925DD6}"
EndProject
Project("{FAE04EC0-301F-11D3-BF4B-00C04F79EFBC}") = "FileCloud.Desktop.Models", "FileCloud.Desktop.Models\FileCloud.Desktop.Models.csproj", "{C6F072EB-8209-4216-AC56-2756B0EC5E7A}"
EndProject
Project("{FAE04EC0-301F-11D3-BF4B-00C04F79EFBC}") = "FileCloud.Desktop.Services", "Services\FileCloud.Desktop.Services.csproj", "{0AE8FF12-57DA-463C-97A0-D98E803323AF}"
EndProject
Project("{FAE04EC0-301F-11D3-BF4B-00C04F79EFBC}") = "FileCloud.Desktop.ViewModels", "FileCloud.Desktop.ViewModels\FileCloud.Desktop.ViewModels.csproj", "{58C508DF-73E5-433C-90E1-4927812F99C6}"
EndProject
Global
	GlobalSection(SolutionConfigurationPlatforms) = preSolution
		Debug|Any CPU = Debug|Any CPU
		Release|Any CPU = Release|Any CPU
	EndGlobalSection
	GlobalSection(ProjectConfigurationPlatforms) = postSolution
		{18FAFCD9-B493-4368-B435-819BDD925DD6}.Debug|Any CPU.ActiveCfg = Debug|Any CPU
		{18FAFCD9-B493-4368-B435-819BDD925DD6}.Debug|Any CPU.Build.0 = Debug|Any CPU
		{18FAFCD9-B493-4368-B435-819BDD925DD6}.Release|Any CPU.ActiveCfg = Release|Any CPU
		{18FAFCD9-B493-4368-B435-819BDD925DD6}.Release|Any CPU.Build.0 = Release|Any CPU
		{C6F072EB-8209-4216-AC56-2756B0EC5E7A}.Debug|Any CPU.ActiveCfg = Debug|Any CPU
		{C6F072EB-8209-4216-AC56-2756B0EC5E7A}.Debug|Any CPU.Build.0 = Debug|Any CPU
		{C6F072EB-8209-4216-AC56-2756B0EC5E7A}.Release|Any CPU.ActiveCfg = Release|Any CPU
		{C6F072EB-8209-4216-AC56-2756B0EC5E7A}.Release|Any CPU.Build.0 = Release|Any CPU
		{0AE8FF12-57DA-463C-97A0-D98E803323AF}.Debug|Any CPU.ActiveCfg = Debug|Any CPU
		{0AE8FF12-57DA-463C-97A0-D98E803323AF}.Debug|Any CPU.Build.0 = Debug|Any CPU
		{0AE8FF12-57DA-463C-97A0-D98E803323AF}.Release|Any CPU.ActiveCfg = Release|Any CPU
		{0AE8FF12-57DA-463C-97A0-D98E803323AF}.Release|Any CPU.Build.0 = Release|Any CPU
		{58C508DF-73E5-433C-90E1-4927812F99C6}.Debug|Any CPU.ActiveCfg = Debug|Any CPU
		{58C508DF-73E5-433C-90E1-4927812F99C6}.Debug|Any CPU.Build.0 = Debug|Any CPU
		{58C508DF-73E5-433C-90E1-4927812F99C6}.Release|Any CPU.ActiveCfg = Release|Any CPU
		{58C508DF-73E5-433C-90E1-4927812F99C6}.Release|Any CPU.Build.0 = Release|Any CPU
	EndGlobalSection
	GlobalSection(SolutionProperties) = preSolution
		HideSolutionNode = FALSE
	EndGlobalSection
	GlobalSection(ExtensibilityGlobals) = postSolution
		SolutionGuid = {13AD5D13-D742-4C83-A6F2-D3881F419288}
	EndGlobalSection
EndGlobal
